
Microsoft Visual Studio Solution File, Format Version 12.00
# Visual Studio Version 17
VisualStudioVersion = 17.10.35013.160
MinimumVisualStudioVersion = 10.0.40219.1
Project("{8BC9CEB8-8B4A-11D0-8D11-00A0C91BC942}") = "transformer", "transformer.vcxproj", "{739B58B9-2F78-4BB9-9FFE-528CC43494BB}"
EndProject
Global
	GlobalSection(SolutionConfigurationPlatforms) = preSolution
		Debug|x64 = Debug|x64
		Release|x64 = Release|x64
	EndGlobalSection
	GlobalSection(ProjectConfigurationPlatforms) = postSolution
		{739B58B9-2F78-4BB9-9FFE-528CC43494BB}.Debug|x64.ActiveCfg = Debug|x64
		{739B58B9-2F78-4BB9-9FFE-528CC43494BB}.Debug|x64.Build.0 = Debug|x64
		{739B58B9-2F78-4BB9-9FFE-528CC43494BB}.Release|x64.ActiveCfg = Release|x64
		{739B58B9-2F78-4BB9-9FFE-528CC43494BB}.Release|x64.Build.0 = Release|x64
	EndGlobalSection
	GlobalSection(SolutionProperties) = preSolution
		HideSolutionNode = FALSE
	EndGlobalSection
	GlobalSection(ExtensibilityGlobals) = postSolution
		SolutionGuid = {0343B686-A61F-46F0-8E70-73648E6DA749}
	EndGlobalSection
EndGlobal
